// !$*UTF8*$!
{
	archiveVersion = 1;
	classes = {
	};
	objectVersion = 50;
	objects = {

/* Begin PBXBuildFile section */
		7DAA651521C2509300477BA5 /* AppDelegate.m in Sources */ = {isa = PBXBuildFile; fileRef = 7DAA651421C2509300477BA5 /* AppDelegate.m */; };
		7DAA651821C2509300477BA5 /* ViewController.m in Sources */ = {isa = PBXBuildFile; fileRef = 7DAA651721C2509300477BA5 /* ViewController.m */; };
		7DAA651B21C2509300477BA5 /* Main.storyboard in Resources */ = {isa = PBXBuildFile; fileRef = 7DAA651921C2509300477BA5 /* Main.storyboard */; };
		7DAA651D21C2509600477BA5 /* Assets.xcassets in Resources */ = {isa = PBXBuildFile; fileRef = 7DAA651C21C2509600477BA5 /* Assets.xcassets */; };
		7DAA652021C2509600477BA5 /* LaunchScreen.storyboard in Resources */ = {isa = PBXBuildFile; fileRef = 7DAA651E21C2509600477BA5 /* LaunchScreen.storyboard */; };
		7DAA652321C2509600477BA5 /* main.m in Sources */ = {isa = PBXBuildFile; fileRef = 7DAA652221C2509600477BA5 /* main.m */; };
		7DAA652B21C250BF00477BA5 /* ZFAutoScrollBanner.m in Sources */ = {isa = PBXBuildFile; fileRef = 7DAA652A21C250BF00477BA5 /* ZFAutoScrollBanner.m */; };
		DB714A5F076F00E843ED2646 /* libPods-ZFAutoScrollBanner.a in Frameworks */ = {isa = PBXBuildFile; fileRef = A1BF8D1FB12287AEAF83B968 /* libPods-ZFAutoScrollBanner.a */; };
/* End PBXBuildFile section */

/* Begin PBXFileReference section */
		7DAA651021C2509300477BA5 /* ZFAutoScrollBanner.app */ = {isa = PBXFileReference; explicitFileType = wrapper.application; includeInIndex = 0; path = ZFAutoScrollBanner.app; sourceTree = BUILT_PRODUCTS_DIR; };
		7DAA651321C2509300477BA5 /* AppDelegate.h */ = {isa = PBXFileReference; lastKnownFileType = sourcecode.c.h; path = AppDelegate.h; sourceTree = "<group>"; };
		7DAA651421C2509300477BA5 /* AppDelegate.m */ = {isa = PBXFileReference; lastKnownFileType = sourcecode.c.objc; path = AppDelegate.m; sourceTree = "<group>"; };
		7DAA651621C2509300477BA5 /* ViewController.h */ = {isa = PBXFileReference; lastKnownFileType = sourcecode.c.h; path = ViewController.h; sourceTree = "<group>"; };
		7DAA651721C2509300477BA5 /* ViewController.m */ = {isa = PBXFileReference; lastKnownFileType = sourcecode.c.objc; path = ViewController.m; sourceTree = "<group>"; };
		7DAA651A21C2509300477BA5 /* Base */ = {isa = PBXFileReference; lastKnownFileType = file.storyboard; name = Base; path = Base.lproj/Main.storyboard; sourceTree = "<group>"; };
		7DAA651C21C2509600477BA5 /* Assets.xcassets */ = {isa = PBXFileReference; lastKnownFileType = folder.assetcatalog; path = Assets.xcassets; sourceTree = "<group>"; };
		7DAA651F21C2509600477BA5 /* Base */ = {isa = PBXFileReference; lastKnownFileType = file.storyboard; name = Base; path = Base.lproj/LaunchScreen.storyboard; sourceTree = "<group>"; };
		7DAA652121C2509600477BA5 /* Info.plist */ = {isa = PBXFileReference; lastKnownFileType = text.plist.xml; path = Info.plist; sourceTree = "<group>"; };
		7DAA652221C2509600477BA5 /* main.m */ = {isa = PBXFileReference; lastKnownFileType = sourcecode.c.objc; path = main.m; sourceTree = "<group>"; };
		7DAA652921C250BF00477BA5 /* ZFAutoScrollBanner.h */ = {isa = PBXFileReference; fileEncoding = 4; lastKnownFileType = sourcecode.c.h; path = ZFAutoScrollBanner.h; sourceTree = "<group>"; };
		7DAA652A21C250BF00477BA5 /* ZFAutoScrollBanner.m */ = {isa = PBXFileReference; fileEncoding = 4; lastKnownFileType = sourcecode.c.objc; path = ZFAutoScrollBanner.m; sourceTree = "<group>"; };
		81B631F1750B11BB2E222E27 /* Pods-ZFAutoScrollBanner.release.xcconfig */ = {isa = PBXFileReference; includeInIndex = 1; lastKnownFileType = text.xcconfig; name = "Pods-ZFAutoScrollBanner.release.xcconfig"; path = "Target Support Files/Pods-ZFAutoScrollBanner/Pods-ZFAutoScrollBanner.release.xcconfig"; sourceTree = "<group>"; };
		87CE2BE08FEDEE740EF60B59 /* Pods-ZFAutoScrollBanner.debug.xcconfig */ = {isa = PBXFileReference; includeInIndex = 1; lastKnownFileType = text.xcconfig; name = "Pods-ZFAutoScrollBanner.debug.xcconfig"; path = "Target Support Files/Pods-ZFAutoScrollBanner/Pods-ZFAutoScrollBanner.debug.xcconfig"; sourceTree = "<group>"; };
		A1BF8D1FB12287AEAF83B968 /* libPods-ZFAutoScrollBanner.a */ = {isa = PBXFileReference; explicitFileType = archive.ar; includeInIndex = 0; path = "libPods-ZFAutoScrollBanner.a"; sourceTree = BUILT_PRODUCTS_DIR; };
/* End PBXFileReference section */

/* Begin PBXFrameworksBuildPhase section */
		7DAA650D21C2509300477BA5 /* Frameworks */ = {
			isa = PBXFrameworksBuildPhase;
			buildActionMask = 2147483647;
			files = (
				DB714A5F076F00E843ED2646 /* libPods-ZFAutoScrollBanner.a in Frameworks */,
			);
			runOnlyForDeploymentPostprocessing = 0;
		};
/* End PBXFrameworksBuildPhase section */

/* Begin PBXGroup section */
		7DAA650721C2509300477BA5 = {
			isa = PBXGroup;
			children = (
				7DAA651221C2509300477BA5 /* ZFAutoScrollBanner */,
				7DAA651121C2509300477BA5 /* Products */,
				7F4F0904179C6EB8B3D0D7BC /* Pods */,
				CBE1B7AC60CFFDC5980A3C3A /* Frameworks */,
			);
			sourceTree = "<group>";
		};
		7DAA651121C2509300477BA5 /* Products */ = {
			isa = PBXGroup;
			children = (
				7DAA651021C2509300477BA5 /* ZFAutoScrollBanner.app */,
			);
			name = Products;
			sourceTree = "<group>";
		};
		7DAA651221C2509300477BA5 /* ZFAutoScrollBanner */ = {
			isa = PBXGroup;
			children = (
				7DAA652C21C250C200477BA5 /* ZFAutoScrollBanner */,
				7DAA651321C2509300477BA5 /* AppDelegate.h */,
				7DAA651421C2509300477BA5 /* AppDelegate.m */,
				7DAA651621C2509300477BA5 /* ViewController.h */,
				7DAA651721C2509300477BA5 /* ViewController.m */,
				7DAA651921C2509300477BA5 /* Main.storyboard */,
				7DAA651C21C2509600477BA5 /* Assets.xcassets */,
				7DAA651E21C2509600477BA5 /* LaunchScreen.storyboard */,
				7DAA652121C2509600477BA5 /* Info.plist */,
				7DAA652221C2509600477BA5 /* main.m */,
			);
			path = ZFAutoScrollBanner;
			sourceTree = "<group>";
		};
		7DAA652C21C250C200477BA5 /* ZFAutoScrollBanner */ = {
			isa = PBXGroup;
			children = (
				7DAA652921C250BF00477BA5 /* ZFAutoScrollBanner.h */,
				7DAA652A21C250BF00477BA5 /* ZFAutoScrollBanner.m */,
			);
			path = ZFAutoScrollBanner;
			sourceTree = "<group>";
		};
		7F4F0904179C6EB8B3D0D7BC /* Pods */ = {
			isa = PBXGroup;
			children = (
				87CE2BE08FEDEE740EF60B59 /* Pods-ZFAutoScrollBanner.debug.xcconfig */,
				81B631F1750B11BB2E222E27 /* Pods-ZFAutoScrollBanner.release.xcconfig */,
			);
			name = Pods;
			path = Pods;
			sourceTree = "<group>";
		};
		CBE1B7AC60CFFDC5980A3C3A /* Frameworks */ = {
			isa = PBXGroup;
			children = (
				A1BF8D1FB12287AEAF83B968 /* libPods-ZFAutoScrollBanner.a */,
			);
			name = Frameworks;
			sourceTree = "<group>";
		};
/* End PBXGroup section */

/* Begin PBXNativeTarget section */
		7DAA650F21C2509300477BA5 /* ZFAutoScrollBanner */ = {
			isa = PBXNativeTarget;
			buildConfigurationList = 7DAA652621C2509600477BA5 /* Build configuration list for PBXNativeTarget "ZFAutoScrollBanner" */;
			buildPhases = (
				38FEB98687B15D9B7FF70ADA /* [CP] Check Pods Manifest.lock */,
				7DAA650C21C2509300477BA5 /* Sources */,
				7DAA650D21C2509300477BA5 /* Frameworks */,
				7DAA650E21C2509300477BA5 /* Resources */,
			);
			buildRules = (
			);
			dependencies = (
			);
			name = ZFAutoScrollBanner;
			productName = ZFAutoScrollBanner;
			productReference = 7DAA651021C2509300477BA5 /* ZFAutoScrollBanner.app */;
			productType = "com.apple.product-type.application";
		};
/* End PBXNativeTarget section */

/* Begin PBXProject section */
		7DAA650821C2509300477BA5 /* Project object */ = {
			isa = PBXProject;
			attributes = {
				LastUpgradeCheck = 1010;
				ORGANIZATIONNAME = "张帆";
				TargetAttributes = {
					7DAA650F21C2509300477BA5 = {
						CreatedOnToolsVersion = 10.1;
					};
				};
			};
			buildConfigurationList = 7DAA650B21C2509300477BA5 /* Build configuration list for PBXProject "ZFAutoScrollBanner" */;
			compatibilityVersion = "Xcode 9.3";
			developmentRegion = en;
			hasScannedForEncodings = 0;
			knownRegions = (
				en,
				Base,
			);
			mainGroup = 7DAA650721C2509300477BA5;
			productRefGroup = 7DAA651121C2509300477BA5 /* Products */;
			projectDirPath = "";
			projectRoot = "";
			targets = (
				7DAA650F21C2509300477BA5 /* ZFAutoScrollBanner */,
			);
		};
/* End PBXProject section */

/* Begin PBXResourcesBuildPhase section */
		7DAA650E21C2509300477BA5 /* Resources */ = {
			isa = PBXResourcesBuildPhase;
			buildActionMask = 2147483647;
			files = (
				7DAA652021C2509600477BA5 /* LaunchScreen.storyboard in Resources */,
				7DAA651D21C2509600477BA5 /* Assets.xcassets in Resources */,
				7DAA651B21C2509300477BA5 /* Main.storyboard in Resources */,
			);
			runOnlyForDeploymentPostprocessing = 0;
		};
/* End PBXResourcesBuildPhase section */

/* Begin PBXShellScriptBuildPhase section */
		38FEB98687B15D9B7FF70ADA /* [CP] Check Pods Manifest.lock */ = {
			isa = PBXShellScriptBuildPhase;
			buildActionMask = 2147483647;
			files = (
			);
			inputFileListPaths = (
			);
			inputPaths = (
				"${PODS_PODFILE_DIR_PATH}/Podfile.lock",
				"${PODS_ROOT}/Manifest.lock",
			);
			name = "[CP] Check Pods Manifest.lock";
			outputFileListPaths = (
			);
			outputPaths = (
				"$(DERIVED_FILE_DIR)/Pods-ZFAutoScrollBanner-checkManifestLockResult.txt",
			);
			runOnlyForDeploymentPostprocessing = 0;
			shellPath = /bin/sh;
			shellScript = "diff \"${PODS_PODFILE_DIR_PATH}/Podfile.lock\" \"${PODS_ROOT}/Manifest.lock\" > /dev/null\nif [ $? != 0 ] ; then\n    # print error to STDERR\n    echo \"error: The sandbox is not in sync with the Podfile.lock. Run 'pod install' or update your CocoaPods installation.\" >&2\n    exit 1\nfi\n# This output is used by Xcode 'outputs' to avoid re-running this script phase.\necho \"SUCCESS\" > \"${SCRIPT_OUTPUT_FILE_0}\"\n";
			showEnvVarsInLog = 0;
		};
/* End PBXShellScriptBuildPhase section */

/* Begin PBXSourcesBuildPhase section */
		7DAA650C21C2509300477BA5 /* Sources */ = {
			isa = PBXSourcesBuildPhase;
			buildActionMask = 2147483647;
			files = (
				7DAA651821C2509300477BA5 /* ViewController.m in Sources */,
				7DAA652B21C250BF00477BA5 /* ZFAutoScrollBanner.m in Sources */,
				7DAA652321C2509600477BA5 /* main.m in Sources */,
				7DAA651521C2509300477BA5 /* AppDelegate.m in Sources */,
			);
			runOnlyForDeploymentPostprocessing = 0;
		};
/* End PBXSourcesBuildPhase section */

/* Begin PBXVariantGroup section */
		7DAA651921C2509300477BA5 /* Main.storyboard */ = {
			isa = PBXVariantGroup;
			children = (
				7DAA651A21C2509300477BA5 /* Base */,
			);
			name = Main.storyboard;
			sourceTree = "<group>";
		};
		7DAA651E21C2509600477BA5 /* LaunchScreen.storyboard */ = {
			isa = PBXVariantGroup;
			children = (
				7DAA651F21C2509600477BA5 /* Base */,
			);
			name = LaunchScreen.storyboard;
			sourceTree = "<group>";
		};
/* End PBXVariantGroup section */

/* Begin XCBuildConfiguration section */
		7DAA652421C2509600477BA5 /* Debug */ = {
			isa = XCBuildConfiguration;
			buildSettings = {
				ALWAYS_SEARCH_USER_PATHS = NO;
				CLANG_ANALYZER_NONNULL = YES;
				CLANG_ANALYZER_NUMBER_OBJECT_CONVERSION = YES_AGGRESSIVE;
				CLANG_CXX_LANGUAGE_STANDARD = "gnu++14";
				CLANG_CXX_LIBRARY = "libc++";
				CLANG_ENABLE_MODULES = YES;
				CLANG_ENABLE_OBJC_ARC = YES;
				CLANG_ENABLE_OBJC_WEAK = YES;
				CLANG_WARN_BLOCK_CAPTURE_AUTORELEASING = YES;
				CLANG_WARN_BOOL_CONVERSION = YES;
				CLANG_WARN_COMMA = YES;
				CLANG_WARN_CONSTANT_CONVERSION = YES;
				CLANG_WARN_DEPRECATED_OBJC_IMPLEMENTATIONS = YES;
				CLANG_WARN_DIRECT_OBJC_ISA_USAGE = YES_ERROR;
				CLANG_WARN_DOCUMENTATION_COMMENTS = YES;
				CLANG_WARN_EMPTY_BODY = YES;
				CLANG_WARN_ENUM_CONVERSION = YES;
				CLANG_WARN_INFINITE_RECURSION = YES;
				CLANG_WARN_INT_CONVERSION = YES;
				CLANG_WARN_NON_LITERAL_NULL_CONVERSION = YES;
				CLANG_WARN_OBJC_IMPLICIT_RETAIN_SELF = YES;
				CLANG_WARN_OBJC_LITERAL_CONVERSION = YES;
				CLANG_WARN_OBJC_ROOT_CLASS = YES_ERROR;
				CLANG_WARN_RANGE_LOOP_ANALYSIS = YES;
				CLANG_WARN_STRICT_PROTOTYPES = YES;
				CLANG_WARN_SUSPICIOUS_MOVE = YES;
				CLANG_WARN_UNGUARDED_AVAILABILITY = YES_AGGRESSIVE;
				CLANG_WARN_UNREACHABLE_CODE = YES;
				CLANG_WARN__DUPLICATE_METHOD_MATCH = YES;
				CODE_SIGN_IDENTITY = "iPhone Developer";
				COPY_PHASE_STRIP = NO;
				DEBUG_INFORMATION_FORMAT = dwarf;
				ENABLE_STRICT_OBJC_MSGSEND = YES;
				ENABLE_TESTABILITY = YES;
				GCC_C_LANGUAGE_STANDARD = gnu11;
				GCC_DYNAMIC_NO_PIC = NO;
				GCC_NO_COMMON_BLOCKS = YES;
				GCC_OPTIMIZATION_LEVEL = 0;
				GCC_PREPROCESSOR_DEFINITIONS = (
					"DEBUG=1",
					"$(inherited)",
				);
				GCC_WARN_64_TO_32_BIT_CONVERSION = YES;
				GCC_WARN_ABOUT_RETURN_TYPE = YES_ERROR;
				GCC_WARN_UNDECLARED_SELECTOR = YES;
				GCC_WARN_UNINITIALIZED_AUTOS = YES_AGGRESSIVE;
				GCC_WARN_UNUSED_FUNCTION = YES;
				GCC_WARN_UNUSED_VARIABLE = YES;
				IPHONEOS_DEPLOYMENT_TARGET = 12.1;
				MTL_ENABLE_DEBUG_INFO = INCLUDE_SOURCE;
				MTL_FAST_MATH = YES;
				ONLY_ACTIVE_ARCH = YES;
				SDKROOT = iphoneos;
			};
			name = Debug;
		};
		7DAA652521C2509600477BA5 /* Release */ = {
			isa = XCBuildConfiguration;
			buildSettings = {
				ALWAYS_SEARCH_USER_PATHS = NO;
				CLANG_ANALYZER_NONNULL = YES;
				CLANG_ANALYZER_NUMBER_OBJECT_CONVERSION = YES_AGGRESSIVE;
				CLANG_CXX_LANGUAGE_STANDARD = "gnu++14";
				CLANG_CXX_LIBRARY = "libc++";
				CLANG_ENABLE_MODULES = YES;
				CLANG_ENABLE_OBJC_ARC = YES;
				CLANG_ENABLE_OBJC_WEAK = YES;
				CLANG_WARN_BLOCK_CAPTURE_AUTORELEASING = YES;
				CLANG_WARN_BOOL_CONVERSION = YES;
				CLANG_WARN_COMMA = YES;
				CLANG_WARN_CONSTANT_CONVERSION = YES;
				CLANG_WARN_DEPRECATED_OBJC_IMPLEMENTATIONS = YES;
				CLANG_WARN_DIRECT_OBJC_ISA_USAGE = YES_ERROR;
				CLANG_WARN_DOCUMENTATION_COMMENTS = YES;
				CLANG_WARN_EMPTY_BODY = YES;
				CLANG_WARN_ENUM_CONVERSION = YES;
				CLANG_WARN_INFINITE_RECURSION = YES;
				CLANG_WARN_INT_CONVERSION = YES;
				CLANG_WARN_NON_LITERAL_NULL_CONVERSION = YES;
				CLANG_WARN_OBJC_IMPLICIT_RETAIN_SELF = YES;
				CLANG_WARN_OBJC_LITERAL_CONVERSION = YES;
				CLANG_WARN_OBJC_ROOT_CLASS = YES_ERROR;
				CLANG_WARN_RANGE_LOOP_ANALYSIS = YES;
				CLANG_WARN_STRICT_PROTOTYPES = YES;
				CLANG_WARN_SUSPICIOUS_MOVE = YES;
				CLANG_WARN_UNGUARDED_AVAILABILITY = YES_AGGRESSIVE;
				CLANG_WARN_UNREACHABLE_CODE = YES;
				CLANG_WARN__DUPLICATE_METHOD_MATCH = YES;
				CODE_SIGN_IDENTITY = "iPhone Developer";
				COPY_PHASE_STRIP = NO;
				DEBUG_INFORMATION_FORMAT = "dwarf-with-dsym";
				ENABLE_NS_ASSERTIONS = NO;
				ENABLE_STRICT_OBJC_MSGSEND = YES;
				GCC_C_LANGUAGE_STANDARD = gnu11;
				GCC_NO_COMMON_BLOCKS = YES;
				GCC_WARN_64_TO_32_BIT_CONVERSION = YES;
				GCC_WARN_ABOUT_RETURN_TYPE = YES_ERROR;
				GCC_WARN_UNDECLARED_SELECTOR = YES;
				GCC_WARN_UNINITIALIZED_AUTOS = YES_AGGRESSIVE;
				GCC_WARN_UNUSED_FUNCTION = YES;
				GCC_WARN_UNUSED_VARIABLE = YES;
				IPHONEOS_DEPLOYMENT_TARGET = 12.1;
				MTL_ENABLE_DEBUG_INFO = NO;
				MTL_FAST_MATH = YES;
				SDKROOT = iphoneos;
				VALIDATE_PRODUCT = YES;
			};
			name = Release;
		};
		7DAA652721C2509600477BA5 /* Debug */ = {
			isa = XCBuildConfiguration;
			baseConfigurationReference = 87CE2BE08FEDEE740EF60B59 /* Pods-ZFAutoScrollBanner.debug.xcconfig */;
			buildSettings = {
				ASSETCATALOG_COMPILER_APPICON_NAME = AppIcon;
				CODE_SIGN_STYLE = Automatic;
				DEVELOPMENT_TEAM = 2QR75RS73V;
				INFOPLIST_FILE = ZFAutoScrollBanner/Info.plist;
				IPHONEOS_DEPLOYMENT_TARGET = 9.0;
				LD_RUNPATH_SEARCH_PATHS = (
					"$(inherited)",
					"@executable_path/Frameworks",
				);
				PRODUCT_BUNDLE_IDENTIFIER = zf.ZFAutoScrollBanner;
				PRODUCT_NAME = "$(TARGET_NAME)";
				TARGETED_DEVICE_FAMILY = "1,2";
			};
			name = Debug;
		};
		7DAA652821C2509600477BA5 /* Release */ = {
			isa = XCBuildConfiguration;
			baseConfigurationReference = 81B631F1750B11BB2E222E27 /* Pods-ZFAutoScrollBanner.release.xcconfig */;
			buildSettings = {
				ASSETCATALOG_COMPILER_APPICON_NAME = AppIcon;
				CODE_SIGN_STYLE = Automatic;
				DEVELOPMENT_TEAM = 2QR75RS73V;
				INFOPLIST_FILE = ZFAutoScrollBanner/Info.plist;
				IPHONEOS_DEPLOYMENT_TARGET = 9.0;
				LD_RUNPATH_SEARCH_PATHS = (
					"$(inherited)",
					"@executable_path/Frameworks",
				);
				PRODUCT_BUNDLE_IDENTIFIER = zf.ZFAutoScrollBanner;
				PRODUCT_NAME = "$(TARGET_NAME)";
				TARGETED_DEVICE_FAMILY = "1,2";
			};
			name = Release;
		};
/* End XCBuildConfiguration section */

/* Begin XCConfigurationList section */
		7DAA650B21C2509300477BA5 /* Build configuration list for PBXProject "ZFAutoScrollBanner" */ = {
			isa = XCConfigurationList;
			buildConfigurations = (
				7DAA652421C2509600477BA5 /* Debug */,
				7DAA652521C2509600477BA5 /* Release */,
			);
			defaultConfigurationIsVisible = 0;
			defaultConfigurationName = Release;
		};
		7DAA652621C2509600477BA5 /* Build configuration list for PBXNativeTarget "ZFAutoScrollBanner" */ = {
			isa = XCConfigurationList;
			buildConfigurations = (
				7DAA652721C2509600477BA5 /* Debug */,
				7DAA652821C2509600477BA5 /* Release */,
			);
			defaultConfigurationIsVisible = 0;
			defaultConfigurationName = Release;
		};
/* End XCConfigurationList section */
	};
	rootObject = 7DAA650821C2509300477BA5 /* Project object */;
}
